
Microsoft Visual Studio Solution File, Format Version 12.00
# Visual Studio Version 17
VisualStudioVersion = 17.3.32825.248
MinimumVisualStudioVersion = 10.0.40219.1
Project("{FAE04EC0-301F-11D3-BF4B-00C04F79EFBC}") = "Collections-2022", "Collections-2022\Collections-2022.csproj", "{974CA847-080A-48B7-84BB-D79FAA39A819}"
EndProject
Global
	GlobalSection(SolutionConfigurationPlatforms) = preSolution
		Debug|Any CPU = Debug|Any CPU
		Release|Any CPU = Release|Any CPU
	EndGlobalSection
	GlobalSection(ProjectConfigurationPlatforms) = postSolution
		{974CA847-080A-48B7-84BB-D79FAA39A819}.Debug|Any CPU.ActiveCfg = Debug|Any CPU
		{974CA847-080A-48B7-84BB-D79FAA39A819}.Debug|Any CPU.Build.0 = Debug|Any CPU
		{974CA847-080A-48B7-84BB-D79FAA39A819}.Release|Any CPU.ActiveCfg = Release|Any CPU
		{974CA847-080A-48B7-84BB-D79FAA39A819}.Release|Any CPU.Build.0 = Release|Any CPU
	EndGlobalSection
	GlobalSection(SolutionProperties) = preSolution
		HideSolutionNode = FALSE
	EndGlobalSection
	GlobalSection(ExtensibilityGlobals) = postSolution
		SolutionGuid = {E1DABBAC-E90C-4CB7-AA72-C8BB5D5CEE3B}
	EndGlobalSection
EndGlobal
